
Microsoft Visual Studio Solution File, Format Version 12.00
# Visual Studio 15
VisualStudioVersion = 15.0.26114.2
MinimumVisualStudioVersion = 10.0.40219.1
Project("{FAE04EC0-301F-11D3-BF4B-00C04F79EFBC}") = "Facade", "Facade\Facade.csproj", "{68875FCC-623B-47D6-A4EE-34C21012AC5B}"
EndProject
Project("{FAE04EC0-301F-11D3-BF4B-00C04F79EFBC}") = "Flyweight", "Flyweight\Flyweight.csproj", "{21148222-1EF8-4358-AA3A-05D58C8012FA}"
EndProject
Project("{FAE04EC0-301F-11D3-BF4B-00C04F79EFBC}") = "Proxy", "Proxy\Proxy.csproj", "{F17503EA-4895-4C95-8420-346E035428F4}"
EndProject
Global
	GlobalSection(SolutionConfigurationPlatforms) = preSolution
		Debug|Any CPU = Debug|Any CPU
		Release|Any CPU = Release|Any CPU
		Debug|x64 = Debug|x64
		Debug|x86 = Debug|x86
		Release|x64 = Release|x64
		Release|x86 = Release|x86
	EndGlobalSection
	GlobalSection(ProjectConfigurationPlatforms) = postSolution
		{68875FCC-623B-47D6-A4EE-34C21012AC5B}.Debug|Any CPU.ActiveCfg = Debug|Any CPU
		{68875FCC-623B-47D6-A4EE-34C21012AC5B}.Debug|Any CPU.Build.0 = Debug|Any CPU
		{68875FCC-623B-47D6-A4EE-34C21012AC5B}.Debug|x64.ActiveCfg = Debug|x64
		{68875FCC-623B-47D6-A4EE-34C21012AC5B}.Debug|x64.Build.0 = Debug|x64
		{68875FCC-623B-47D6-A4EE-34C21012AC5B}.Debug|x86.ActiveCfg = Debug|x86
		{68875FCC-623B-47D6-A4EE-34C21012AC5B}.Debug|x86.Build.0 = Debug|x86
		{68875FCC-623B-47D6-A4EE-34C21012AC5B}.Release|Any CPU.ActiveCfg = Release|Any CPU
		{68875FCC-623B-47D6-A4EE-34C21012AC5B}.Release|Any CPU.Build.0 = Release|Any CPU
		{68875FCC-623B-47D6-A4EE-34C21012AC5B}.Release|x64.ActiveCfg = Release|x64
		{68875FCC-623B-47D6-A4EE-34C21012AC5B}.Release|x64.Build.0 = Release|x64
		{68875FCC-623B-47D6-A4EE-34C21012AC5B}.Release|x86.ActiveCfg = Release|x86
		{68875FCC-623B-47D6-A4EE-34C21012AC5B}.Release|x86.Build.0 = Release|x86
		{21148222-1EF8-4358-AA3A-05D58C8012FA}.Debug|Any CPU.ActiveCfg = Debug|Any CPU
		{21148222-1EF8-4358-AA3A-05D58C8012FA}.Debug|Any CPU.Build.0 = Debug|Any CPU
		{21148222-1EF8-4358-AA3A-05D58C8012FA}.Debug|x64.ActiveCfg = Debug|x64
		{21148222-1EF8-4358-AA3A-05D58C8012FA}.Debug|x64.Build.0 = Debug|x64
		{21148222-1EF8-4358-AA3A-05D58C8012FA}.Debug|x86.ActiveCfg = Debug|x86
		{21148222-1EF8-4358-AA3A-05D58C8012FA}.Debug|x86.Build.0 = Debug|x86
		{21148222-1EF8-4358-AA3A-05D58C8012FA}.Release|Any CPU.ActiveCfg = Release|Any CPU
		{21148222-1EF8-4358-AA3A-05D58C8012FA}.Release|Any CPU.Build.0 = Release|Any CPU
		{21148222-1EF8-4358-AA3A-05D58C8012FA}.Release|x64.ActiveCfg = Release|x64
		{21148222-1EF8-4358-AA3A-05D58C8012FA}.Release|x64.Build.0 = Release|x64
		{21148222-1EF8-4358-AA3A-05D58C8012FA}.Release|x86.ActiveCfg = Release|x86
		{21148222-1EF8-4358-AA3A-05D58C8012FA}.Release|x86.Build.0 = Release|x86
		{F17503EA-4895-4C95-8420-346E035428F4}.Debug|Any CPU.ActiveCfg = Debug|Any CPU
		{F17503EA-4895-4C95-8420-346E035428F4}.Debug|Any CPU.Build.0 = Debug|Any CPU
		{F17503EA-4895-4C95-8420-346E035428F4}.Debug|x64.ActiveCfg = Debug|x64
		{F17503EA-4895-4C95-8420-346E035428F4}.Debug|x64.Build.0 = Debug|x64
		{F17503EA-4895-4C95-8420-346E035428F4}.Debug|x86.ActiveCfg = Debug|x86
		{F17503EA-4895-4C95-8420-346E035428F4}.Debug|x86.Build.0 = Debug|x86
		{F17503EA-4895-4C95-8420-346E035428F4}.Release|Any CPU.ActiveCfg = Release|Any CPU
		{F17503EA-4895-4C95-8420-346E035428F4}.Release|Any CPU.Build.0 = Release|Any CPU
		{F17503EA-4895-4C95-8420-346E035428F4}.Release|x64.ActiveCfg = Release|x64
		{F17503EA-4895-4C95-8420-346E035428F4}.Release|x64.Build.0 = Release|x64
		{F17503EA-4895-4C95-8420-346E035428F4}.Release|x86.ActiveCfg = Release|x86
		{F17503EA-4895-4C95-8420-346E035428F4}.Release|x86.Build.0 = Release|x86
	EndGlobalSection
	GlobalSection(SolutionProperties) = preSolution
		HideSolutionNode = FALSE
	EndGlobalSection
EndGlobal
