
Microsoft Visual Studio Solution File, Format Version 12.00
# Visual Studio 15
VisualStudioVersion = 15.0.26114.2
MinimumVisualStudioVersion = 10.0.40219.1
Project("{FAE04EC0-301F-11D3-BF4B-00C04F79EFBC}") = "Facade", "Facade\Facade.csproj", "{6FA958DE-E18C-4A63-B5EF-9A26416C41D9}"
EndProject
Project("{FAE04EC0-301F-11D3-BF4B-00C04F79EFBC}") = "IIFE", "IIFE\IIFE.csproj", "{9857E920-7686-44D4-9C47-747B151C9440}"
EndProject
Project("{FAE04EC0-301F-11D3-BF4B-00C04F79EFBC}") = "JSObjects", "JSObjects\JSObjects.csproj", "{4D0E6A15-EFE9-4937-A59C-C0B09E222FF5}"
EndProject
Project("{FAE04EC0-301F-11D3-BF4B-00C04F79EFBC}") = "Module", "Module\Module.csproj", "{15B366B7-3C65-49F2-9F07-CB50E25F84F5}"
EndProject
Project("{FAE04EC0-301F-11D3-BF4B-00C04F79EFBC}") = "MVW", "MVW\MVW.csproj", "{052D8CE4-1865-4C80-A21A-9417D59B0750}"
EndProject
Project("{FAE04EC0-301F-11D3-BF4B-00C04F79EFBC}") = "Namespace", "Namespace\Namespace.csproj", "{F2B0A0CD-8AA4-4BEF-A19F-A7FDFC54692C}"
EndProject
Project("{FAE04EC0-301F-11D3-BF4B-00C04F79EFBC}") = "Observer", "Observer\Observer.csproj", "{B2709B59-6C05-41BE-8B1D-3A4B7196DDA3}"
EndProject
Project("{FAE04EC0-301F-11D3-BF4B-00C04F79EFBC}") = "Sandbox", "Sandbox\Sandbox.csproj", "{A890655D-4ADC-4E08-B049-20D716CADCCB}"
EndProject
Project("{FAE04EC0-301F-11D3-BF4B-00C04F79EFBC}") = "Singleton", "Singleton\Singleton.csproj", "{628EC98F-7C38-42D5-BA1C-97F94EB846AB}"
EndProject
Global
	GlobalSection(SolutionConfigurationPlatforms) = preSolution
		Debug|Any CPU = Debug|Any CPU
		Release|Any CPU = Release|Any CPU
		Debug|x64 = Debug|x64
		Debug|x86 = Debug|x86
		Release|x64 = Release|x64
		Release|x86 = Release|x86
	EndGlobalSection
	GlobalSection(ProjectConfigurationPlatforms) = postSolution
		{6FA958DE-E18C-4A63-B5EF-9A26416C41D9}.Debug|Any CPU.ActiveCfg = Debug|Any CPU
		{6FA958DE-E18C-4A63-B5EF-9A26416C41D9}.Debug|Any CPU.Build.0 = Debug|Any CPU
		{6FA958DE-E18C-4A63-B5EF-9A26416C41D9}.Debug|x64.ActiveCfg = Debug|x64
		{6FA958DE-E18C-4A63-B5EF-9A26416C41D9}.Debug|x64.Build.0 = Debug|x64
		{6FA958DE-E18C-4A63-B5EF-9A26416C41D9}.Debug|x86.ActiveCfg = Debug|x86
		{6FA958DE-E18C-4A63-B5EF-9A26416C41D9}.Debug|x86.Build.0 = Debug|x86
		{6FA958DE-E18C-4A63-B5EF-9A26416C41D9}.Release|Any CPU.ActiveCfg = Release|Any CPU
		{6FA958DE-E18C-4A63-B5EF-9A26416C41D9}.Release|Any CPU.Build.0 = Release|Any CPU
		{6FA958DE-E18C-4A63-B5EF-9A26416C41D9}.Release|x64.ActiveCfg = Release|x64
		{6FA958DE-E18C-4A63-B5EF-9A26416C41D9}.Release|x64.Build.0 = Release|x64
		{6FA958DE-E18C-4A63-B5EF-9A26416C41D9}.Release|x86.ActiveCfg = Release|x86
		{6FA958DE-E18C-4A63-B5EF-9A26416C41D9}.Release|x86.Build.0 = Release|x86
		{9857E920-7686-44D4-9C47-747B151C9440}.Debug|Any CPU.ActiveCfg = Debug|Any CPU
		{9857E920-7686-44D4-9C47-747B151C9440}.Debug|Any CPU.Build.0 = Debug|Any CPU
		{9857E920-7686-44D4-9C47-747B151C9440}.Debug|x64.ActiveCfg = Debug|x64
		{9857E920-7686-44D4-9C47-747B151C9440}.Debug|x64.Build.0 = Debug|x64
		{9857E920-7686-44D4-9C47-747B151C9440}.Debug|x86.ActiveCfg = Debug|x86
		{9857E920-7686-44D4-9C47-747B151C9440}.Debug|x86.Build.0 = Debug|x86
		{9857E920-7686-44D4-9C47-747B151C9440}.Release|Any CPU.ActiveCfg = Release|Any CPU
		{9857E920-7686-44D4-9C47-747B151C9440}.Release|Any CPU.Build.0 = Release|Any CPU
		{9857E920-7686-44D4-9C47-747B151C9440}.Release|x64.ActiveCfg = Release|x64
		{9857E920-7686-44D4-9C47-747B151C9440}.Release|x64.Build.0 = Release|x64
		{9857E920-7686-44D4-9C47-747B151C9440}.Release|x86.ActiveCfg = Release|x86
		{9857E920-7686-44D4-9C47-747B151C9440}.Release|x86.Build.0 = Release|x86
		{4D0E6A15-EFE9-4937-A59C-C0B09E222FF5}.Debug|Any CPU.ActiveCfg = Debug|Any CPU
		{4D0E6A15-EFE9-4937-A59C-C0B09E222FF5}.Debug|Any CPU.Build.0 = Debug|Any CPU
		{4D0E6A15-EFE9-4937-A59C-C0B09E222FF5}.Debug|x64.ActiveCfg = Debug|x64
		{4D0E6A15-EFE9-4937-A59C-C0B09E222FF5}.Debug|x64.Build.0 = Debug|x64
		{4D0E6A15-EFE9-4937-A59C-C0B09E222FF5}.Debug|x86.ActiveCfg = Debug|x86
		{4D0E6A15-EFE9-4937-A59C-C0B09E222FF5}.Debug|x86.Build.0 = Debug|x86
		{4D0E6A15-EFE9-4937-A59C-C0B09E222FF5}.Release|Any CPU.ActiveCfg = Release|Any CPU
		{4D0E6A15-EFE9-4937-A59C-C0B09E222FF5}.Release|Any CPU.Build.0 = Release|Any CPU
		{4D0E6A15-EFE9-4937-A59C-C0B09E222FF5}.Release|x64.ActiveCfg = Release|x64
		{4D0E6A15-EFE9-4937-A59C-C0B09E222FF5}.Release|x64.Build.0 = Release|x64
		{4D0E6A15-EFE9-4937-A59C-C0B09E222FF5}.Release|x86.ActiveCfg = Release|x86
		{4D0E6A15-EFE9-4937-A59C-C0B09E222FF5}.Release|x86.Build.0 = Release|x86
		{15B366B7-3C65-49F2-9F07-CB50E25F84F5}.Debug|Any CPU.ActiveCfg = Debug|Any CPU
		{15B366B7-3C65-49F2-9F07-CB50E25F84F5}.Debug|Any CPU.Build.0 = Debug|Any CPU
		{15B366B7-3C65-49F2-9F07-CB50E25F84F5}.Debug|x64.ActiveCfg = Debug|x64
		{15B366B7-3C65-49F2-9F07-CB50E25F84F5}.Debug|x64.Build.0 = Debug|x64
		{15B366B7-3C65-49F2-9F07-CB50E25F84F5}.Debug|x86.ActiveCfg = Debug|x86
		{15B366B7-3C65-49F2-9F07-CB50E25F84F5}.Debug|x86.Build.0 = Debug|x86
		{15B366B7-3C65-49F2-9F07-CB50E25F84F5}.Release|Any CPU.ActiveCfg = Release|Any CPU
		{15B366B7-3C65-49F2-9F07-CB50E25F84F5}.Release|Any CPU.Build.0 = Release|Any CPU
		{15B366B7-3C65-49F2-9F07-CB50E25F84F5}.Release|x64.ActiveCfg = Release|x64
		{15B366B7-3C65-49F2-9F07-CB50E25F84F5}.Release|x64.Build.0 = Release|x64
		{15B366B7-3C65-49F2-9F07-CB50E25F84F5}.Release|x86.ActiveCfg = Release|x86
		{15B366B7-3C65-49F2-9F07-CB50E25F84F5}.Release|x86.Build.0 = Release|x86
		{052D8CE4-1865-4C80-A21A-9417D59B0750}.Debug|Any CPU.ActiveCfg = Debug|Any CPU
		{052D8CE4-1865-4C80-A21A-9417D59B0750}.Debug|Any CPU.Build.0 = Debug|Any CPU
		{052D8CE4-1865-4C80-A21A-9417D59B0750}.Debug|x64.ActiveCfg = Debug|x64
		{052D8CE4-1865-4C80-A21A-9417D59B0750}.Debug|x64.Build.0 = Debug|x64
		{052D8CE4-1865-4C80-A21A-9417D59B0750}.Debug|x86.ActiveCfg = Debug|x86
		{052D8CE4-1865-4C80-A21A-9417D59B0750}.Debug|x86.Build.0 = Debug|x86
		{052D8CE4-1865-4C80-A21A-9417D59B0750}.Release|Any CPU.ActiveCfg = Release|Any CPU
		{052D8CE4-1865-4C80-A21A-9417D59B0750}.Release|Any CPU.Build.0 = Release|Any CPU
		{052D8CE4-1865-4C80-A21A-9417D59B0750}.Release|x64.ActiveCfg = Release|x64
		{052D8CE4-1865-4C80-A21A-9417D59B0750}.Release|x64.Build.0 = Release|x64
		{052D8CE4-1865-4C80-A21A-9417D59B0750}.Release|x86.ActiveCfg = Release|x86
		{052D8CE4-1865-4C80-A21A-9417D59B0750}.Release|x86.Build.0 = Release|x86
		{F2B0A0CD-8AA4-4BEF-A19F-A7FDFC54692C}.Debug|Any CPU.ActiveCfg = Debug|Any CPU
		{F2B0A0CD-8AA4-4BEF-A19F-A7FDFC54692C}.Debug|Any CPU.Build.0 = Debug|Any CPU
		{F2B0A0CD-8AA4-4BEF-A19F-A7FDFC54692C}.Debug|x64.ActiveCfg = Debug|x64
		{F2B0A0CD-8AA4-4BEF-A19F-A7FDFC54692C}.Debug|x64.Build.0 = Debug|x64
		{F2B0A0CD-8AA4-4BEF-A19F-A7FDFC54692C}.Debug|x86.ActiveCfg = Debug|x86
		{F2B0A0CD-8AA4-4BEF-A19F-A7FDFC54692C}.Debug|x86.Build.0 = Debug|x86
		{F2B0A0CD-8AA4-4BEF-A19F-A7FDFC54692C}.Release|Any CPU.ActiveCfg = Release|Any CPU
		{F2B0A0CD-8AA4-4BEF-A19F-A7FDFC54692C}.Release|Any CPU.Build.0 = Release|Any CPU
		{F2B0A0CD-8AA4-4BEF-A19F-A7FDFC54692C}.Release|x64.ActiveCfg = Release|x64
		{F2B0A0CD-8AA4-4BEF-A19F-A7FDFC54692C}.Release|x64.Build.0 = Release|x64
		{F2B0A0CD-8AA4-4BEF-A19F-A7FDFC54692C}.Release|x86.ActiveCfg = Release|x86
		{F2B0A0CD-8AA4-4BEF-A19F-A7FDFC54692C}.Release|x86.Build.0 = Release|x86
		{B2709B59-6C05-41BE-8B1D-3A4B7196DDA3}.Debug|Any CPU.ActiveCfg = Debug|Any CPU
		{B2709B59-6C05-41BE-8B1D-3A4B7196DDA3}.Debug|Any CPU.Build.0 = Debug|Any CPU
		{B2709B59-6C05-41BE-8B1D-3A4B7196DDA3}.Debug|x64.ActiveCfg = Debug|x64
		{B2709B59-6C05-41BE-8B1D-3A4B7196DDA3}.Debug|x64.Build.0 = Debug|x64
		{B2709B59-6C05-41BE-8B1D-3A4B7196DDA3}.Debug|x86.ActiveCfg = Debug|x86
		{B2709B59-6C05-41BE-8B1D-3A4B7196DDA3}.Debug|x86.Build.0 = Debug|x86
		{B2709B59-6C05-41BE-8B1D-3A4B7196DDA3}.Release|Any CPU.ActiveCfg = Release|Any CPU
		{B2709B59-6C05-41BE-8B1D-3A4B7196DDA3}.Release|Any CPU.Build.0 = Release|Any CPU
		{B2709B59-6C05-41BE-8B1D-3A4B7196DDA3}.Release|x64.ActiveCfg = Release|x64
		{B2709B59-6C05-41BE-8B1D-3A4B7196DDA3}.Release|x64.Build.0 = Release|x64
		{B2709B59-6C05-41BE-8B1D-3A4B7196DDA3}.Release|x86.ActiveCfg = Release|x86
		{B2709B59-6C05-41BE-8B1D-3A4B7196DDA3}.Release|x86.Build.0 = Release|x86
		{A890655D-4ADC-4E08-B049-20D716CADCCB}.Debug|Any CPU.ActiveCfg = Debug|Any CPU
		{A890655D-4ADC-4E08-B049-20D716CADCCB}.Debug|Any CPU.Build.0 = Debug|Any CPU
		{A890655D-4ADC-4E08-B049-20D716CADCCB}.Debug|x64.ActiveCfg = Debug|x64
		{A890655D-4ADC-4E08-B049-20D716CADCCB}.Debug|x64.Build.0 = Debug|x64
		{A890655D-4ADC-4E08-B049-20D716CADCCB}.Debug|x86.ActiveCfg = Debug|x86
		{A890655D-4ADC-4E08-B049-20D716CADCCB}.Debug|x86.Build.0 = Debug|x86
		{A890655D-4ADC-4E08-B049-20D716CADCCB}.Release|Any CPU.ActiveCfg = Release|Any CPU
		{A890655D-4ADC-4E08-B049-20D716CADCCB}.Release|Any CPU.Build.0 = Release|Any CPU
		{A890655D-4ADC-4E08-B049-20D716CADCCB}.Release|x64.ActiveCfg = Release|x64
		{A890655D-4ADC-4E08-B049-20D716CADCCB}.Release|x64.Build.0 = Release|x64
		{A890655D-4ADC-4E08-B049-20D716CADCCB}.Release|x86.ActiveCfg = Release|x86
		{A890655D-4ADC-4E08-B049-20D716CADCCB}.Release|x86.Build.0 = Release|x86
		{628EC98F-7C38-42D5-BA1C-97F94EB846AB}.Debug|Any CPU.ActiveCfg = Debug|Any CPU
		{628EC98F-7C38-42D5-BA1C-97F94EB846AB}.Debug|Any CPU.Build.0 = Debug|Any CPU
		{628EC98F-7C38-42D5-BA1C-97F94EB846AB}.Debug|x64.ActiveCfg = Debug|x64
		{628EC98F-7C38-42D5-BA1C-97F94EB846AB}.Debug|x64.Build.0 = Debug|x64
		{628EC98F-7C38-42D5-BA1C-97F94EB846AB}.Debug|x86.ActiveCfg = Debug|x86
		{628EC98F-7C38-42D5-BA1C-97F94EB846AB}.Debug|x86.Build.0 = Debug|x86
		{628EC98F-7C38-42D5-BA1C-97F94EB846AB}.Release|Any CPU.ActiveCfg = Release|Any CPU
		{628EC98F-7C38-42D5-BA1C-97F94EB846AB}.Release|Any CPU.Build.0 = Release|Any CPU
		{628EC98F-7C38-42D5-BA1C-97F94EB846AB}.Release|x64.ActiveCfg = Release|x64
		{628EC98F-7C38-42D5-BA1C-97F94EB846AB}.Release|x64.Build.0 = Release|x64
		{628EC98F-7C38-42D5-BA1C-97F94EB846AB}.Release|x86.ActiveCfg = Release|x86
		{628EC98F-7C38-42D5-BA1C-97F94EB846AB}.Release|x86.Build.0 = Release|x86
	EndGlobalSection
	GlobalSection(SolutionProperties) = preSolution
		HideSolutionNode = FALSE
	EndGlobalSection
EndGlobal
