
Microsoft Visual Studio Solution File, Format Version 12.00
# Visual Studio 15
VisualStudioVersion = 15.0.26114.2
MinimumVisualStudioVersion = 10.0.40219.1
Project("{8BB2217D-0F2D-49D1-97BC-3654ED321F3B}") = "DIP", "DIP\DIP.xproj", "{CA0CB0A6-97C4-4AE0-8B49-08BD95D946C2}"
EndProject
Project("{2150E333-8FDC-42A3-9474-1A3956D46DE8}") = "DIP", "DIP", "{2AA11B26-C94D-4BF5-9FF3-8B9B69E7BC8B}"
EndProject
Project("{FAE04EC0-301F-11D3-BF4B-00C04F79EFBC}") = "backup", "DIP\backup\backup.csproj", "{B2384BE9-4B4B-4EDE-A2C2-6D405C29EED7}"
EndProject
Project("{FAE04EC0-301F-11D3-BF4B-00C04F79EFBC}") = "ISP", "ISP\ISP.csproj", "{78A6C925-5B1E-4CDC-9D54-2D41C93BA025}"
EndProject
Project("{FAE04EC0-301F-11D3-BF4B-00C04F79EFBC}") = "LSP", "LSP\LSP.csproj", "{ACA21261-B457-4D76-8F41-C5240B0DB1B1}"
EndProject
Project("{FAE04EC0-301F-11D3-BF4B-00C04F79EFBC}") = "OCP", "OCP\OCP.csproj", "{920BB3E6-B983-4B6D-93F0-8B414BBD01F5}"
EndProject
Project("{FAE04EC0-301F-11D3-BF4B-00C04F79EFBC}") = "SRP", "SRP\SRP.csproj", "{41776917-C9F5-40D2-BAAD-802DE98E4507}"
EndProject
Global
	GlobalSection(SolutionConfigurationPlatforms) = preSolution
		Debug|Any CPU = Debug|Any CPU
		Release|Any CPU = Release|Any CPU
		Debug|x64 = Debug|x64
		Debug|x86 = Debug|x86
		Release|x64 = Release|x64
		Release|x86 = Release|x86
	EndGlobalSection
	GlobalSection(ProjectConfigurationPlatforms) = postSolution
		{CA0CB0A6-97C4-4AE0-8B49-08BD95D946C2}.Debug|Any CPU.ActiveCfg = Debug|Any CPU
		{CA0CB0A6-97C4-4AE0-8B49-08BD95D946C2}.Debug|Any CPU.Build.0 = Debug|Any CPU
		{CA0CB0A6-97C4-4AE0-8B49-08BD95D946C2}.Release|Any CPU.ActiveCfg = Release|Any CPU
		{CA0CB0A6-97C4-4AE0-8B49-08BD95D946C2}.Release|Any CPU.Build.0 = Release|Any CPU
		{B2384BE9-4B4B-4EDE-A2C2-6D405C29EED7}.Debug|Any CPU.ActiveCfg = Debug|Any CPU
		{B2384BE9-4B4B-4EDE-A2C2-6D405C29EED7}.Debug|Any CPU.Build.0 = Debug|Any CPU
		{B2384BE9-4B4B-4EDE-A2C2-6D405C29EED7}.Debug|x64.ActiveCfg = Debug|x64
		{B2384BE9-4B4B-4EDE-A2C2-6D405C29EED7}.Debug|x64.Build.0 = Debug|x64
		{B2384BE9-4B4B-4EDE-A2C2-6D405C29EED7}.Debug|x86.ActiveCfg = Debug|x86
		{B2384BE9-4B4B-4EDE-A2C2-6D405C29EED7}.Debug|x86.Build.0 = Debug|x86
		{B2384BE9-4B4B-4EDE-A2C2-6D405C29EED7}.Release|Any CPU.ActiveCfg = Release|Any CPU
		{B2384BE9-4B4B-4EDE-A2C2-6D405C29EED7}.Release|Any CPU.Build.0 = Release|Any CPU
		{B2384BE9-4B4B-4EDE-A2C2-6D405C29EED7}.Release|x64.ActiveCfg = Release|x64
		{B2384BE9-4B4B-4EDE-A2C2-6D405C29EED7}.Release|x64.Build.0 = Release|x64
		{B2384BE9-4B4B-4EDE-A2C2-6D405C29EED7}.Release|x86.ActiveCfg = Release|x86
		{B2384BE9-4B4B-4EDE-A2C2-6D405C29EED7}.Release|x86.Build.0 = Release|x86
		{78A6C925-5B1E-4CDC-9D54-2D41C93BA025}.Debug|Any CPU.ActiveCfg = Debug|Any CPU
		{78A6C925-5B1E-4CDC-9D54-2D41C93BA025}.Debug|Any CPU.Build.0 = Debug|Any CPU
		{78A6C925-5B1E-4CDC-9D54-2D41C93BA025}.Debug|x64.ActiveCfg = Debug|x64
		{78A6C925-5B1E-4CDC-9D54-2D41C93BA025}.Debug|x64.Build.0 = Debug|x64
		{78A6C925-5B1E-4CDC-9D54-2D41C93BA025}.Debug|x86.ActiveCfg = Debug|x86
		{78A6C925-5B1E-4CDC-9D54-2D41C93BA025}.Debug|x86.Build.0 = Debug|x86
		{78A6C925-5B1E-4CDC-9D54-2D41C93BA025}.Release|Any CPU.ActiveCfg = Release|Any CPU
		{78A6C925-5B1E-4CDC-9D54-2D41C93BA025}.Release|Any CPU.Build.0 = Release|Any CPU
		{78A6C925-5B1E-4CDC-9D54-2D41C93BA025}.Release|x64.ActiveCfg = Release|x64
		{78A6C925-5B1E-4CDC-9D54-2D41C93BA025}.Release|x64.Build.0 = Release|x64
		{78A6C925-5B1E-4CDC-9D54-2D41C93BA025}.Release|x86.ActiveCfg = Release|x86
		{78A6C925-5B1E-4CDC-9D54-2D41C93BA025}.Release|x86.Build.0 = Release|x86
		{ACA21261-B457-4D76-8F41-C5240B0DB1B1}.Debug|Any CPU.ActiveCfg = Debug|Any CPU
		{ACA21261-B457-4D76-8F41-C5240B0DB1B1}.Debug|Any CPU.Build.0 = Debug|Any CPU
		{ACA21261-B457-4D76-8F41-C5240B0DB1B1}.Debug|x64.ActiveCfg = Debug|x64
		{ACA21261-B457-4D76-8F41-C5240B0DB1B1}.Debug|x64.Build.0 = Debug|x64
		{ACA21261-B457-4D76-8F41-C5240B0DB1B1}.Debug|x86.ActiveCfg = Debug|x86
		{ACA21261-B457-4D76-8F41-C5240B0DB1B1}.Debug|x86.Build.0 = Debug|x86
		{ACA21261-B457-4D76-8F41-C5240B0DB1B1}.Release|Any CPU.ActiveCfg = Release|Any CPU
		{ACA21261-B457-4D76-8F41-C5240B0DB1B1}.Release|Any CPU.Build.0 = Release|Any CPU
		{ACA21261-B457-4D76-8F41-C5240B0DB1B1}.Release|x64.ActiveCfg = Release|x64
		{ACA21261-B457-4D76-8F41-C5240B0DB1B1}.Release|x64.Build.0 = Release|x64
		{ACA21261-B457-4D76-8F41-C5240B0DB1B1}.Release|x86.ActiveCfg = Release|x86
		{ACA21261-B457-4D76-8F41-C5240B0DB1B1}.Release|x86.Build.0 = Release|x86
		{920BB3E6-B983-4B6D-93F0-8B414BBD01F5}.Debug|Any CPU.ActiveCfg = Debug|Any CPU
		{920BB3E6-B983-4B6D-93F0-8B414BBD01F5}.Debug|Any CPU.Build.0 = Debug|Any CPU
		{920BB3E6-B983-4B6D-93F0-8B414BBD01F5}.Debug|x64.ActiveCfg = Debug|x64
		{920BB3E6-B983-4B6D-93F0-8B414BBD01F5}.Debug|x64.Build.0 = Debug|x64
		{920BB3E6-B983-4B6D-93F0-8B414BBD01F5}.Debug|x86.ActiveCfg = Debug|x86
		{920BB3E6-B983-4B6D-93F0-8B414BBD01F5}.Debug|x86.Build.0 = Debug|x86
		{920BB3E6-B983-4B6D-93F0-8B414BBD01F5}.Release|Any CPU.ActiveCfg = Release|Any CPU
		{920BB3E6-B983-4B6D-93F0-8B414BBD01F5}.Release|Any CPU.Build.0 = Release|Any CPU
		{920BB3E6-B983-4B6D-93F0-8B414BBD01F5}.Release|x64.ActiveCfg = Release|x64
		{920BB3E6-B983-4B6D-93F0-8B414BBD01F5}.Release|x64.Build.0 = Release|x64
		{920BB3E6-B983-4B6D-93F0-8B414BBD01F5}.Release|x86.ActiveCfg = Release|x86
		{920BB3E6-B983-4B6D-93F0-8B414BBD01F5}.Release|x86.Build.0 = Release|x86
		{41776917-C9F5-40D2-BAAD-802DE98E4507}.Debug|Any CPU.ActiveCfg = Debug|Any CPU
		{41776917-C9F5-40D2-BAAD-802DE98E4507}.Debug|Any CPU.Build.0 = Debug|Any CPU
		{41776917-C9F5-40D2-BAAD-802DE98E4507}.Debug|x64.ActiveCfg = Debug|x64
		{41776917-C9F5-40D2-BAAD-802DE98E4507}.Debug|x64.Build.0 = Debug|x64
		{41776917-C9F5-40D2-BAAD-802DE98E4507}.Debug|x86.ActiveCfg = Debug|x86
		{41776917-C9F5-40D2-BAAD-802DE98E4507}.Debug|x86.Build.0 = Debug|x86
		{41776917-C9F5-40D2-BAAD-802DE98E4507}.Release|Any CPU.ActiveCfg = Release|Any CPU
		{41776917-C9F5-40D2-BAAD-802DE98E4507}.Release|Any CPU.Build.0 = Release|Any CPU
		{41776917-C9F5-40D2-BAAD-802DE98E4507}.Release|x64.ActiveCfg = Release|x64
		{41776917-C9F5-40D2-BAAD-802DE98E4507}.Release|x64.Build.0 = Release|x64
		{41776917-C9F5-40D2-BAAD-802DE98E4507}.Release|x86.ActiveCfg = Release|x86
		{41776917-C9F5-40D2-BAAD-802DE98E4507}.Release|x86.Build.0 = Release|x86
	EndGlobalSection
	GlobalSection(SolutionProperties) = preSolution
		HideSolutionNode = FALSE
	EndGlobalSection
	GlobalSection(NestedProjects) = preSolution
		{B2384BE9-4B4B-4EDE-A2C2-6D405C29EED7} = {2AA11B26-C94D-4BF5-9FF3-8B9B69E7BC8B}
	EndGlobalSection
EndGlobal
